PODS:
  - R-OC (0.0.2)

DEPENDENCIES:
  - R-OC (from `https://github.com/mr-loney/R.oc.git`)

EXTERNAL SOURCES:
  R-OC:
    :git: https://github.com/mr-loney/R.oc.git

CHECKOUT OPTIONS:
  R-OC:
    :commit: 833aa4a9dc2e958527fa6076c7867f9459d8eb7b
    :git: https://github.com/mr-loney/R.oc.git

SPEC CHECKSUMS:
  R-OC: 373f88dc026aadcb8537d26fd03b1264431ba877

PODFILE CHECKSUM: f9bce39ea9d34fc91c8599c8603725a81f005beb

COCOAPODS: 1.3.1
