PODS:
  - R-OC (0.0.1)

DEPENDENCIES:
  - R-OC (from `https://github.com/mr-loney/R.oc.git`)

EXTERNAL SOURCES:
  R-OC:
    :git: https://github.com/mr-loney/R.oc.git

CHECKOUT OPTIONS:
  R-OC:
    :commit: f87d63196a9ed3c20d689937506c704f5e2b1758
    :git: https://github.com/mr-loney/R.oc.git

SPEC CHECKSUMS:
  R-OC: b119104e17eb75cf714b7746ee7a0f4f2e867669

PODFILE CHECKSUM: f9bce39ea9d34fc91c8599c8603725a81f005beb

COCOAPODS: 1.2.0
