PODS:
  - R-OC (0.0.1):
    - R-OC/Source (= 0.0.1)
  - R-OC/Source (0.0.1)

DEPENDENCIES:
  - R-OC (from `https://github.com/mr-loney/R.oc.git`)

EXTERNAL SOURCES:
  R-OC:
    :git: https://github.com/mr-loney/R.oc.git

CHECKOUT OPTIONS:
  R-OC:
    :commit: d3e77f57e292c8245d0673cb3c2c05f3c498b325
    :git: https://github.com/mr-loney/R.oc.git

SPEC CHECKSUMS:
  R-OC: fd43371d5d082f2945862e9724018e6131fad7ac

PODFILE CHECKSUM: f9bce39ea9d34fc91c8599c8603725a81f005beb

COCOAPODS: 1.2.0
